
Microsoft Visual Studio Solution File, Format Version 12.00
# Visual Studio Version 17
VisualStudioVersion = 17.4.33110.190
MinimumVisualStudioVersion = 10.0.40219.1
Project("{FAE04EC0-301F-11D3-BF4B-00C04F79EFBC}") = "MinimalApiHang", "MinimalApiHang\MinimalApiHang.csproj", "{ED61E80D-376C-47E0-B7C6-FD6E61256E15}"
EndProject
Global
	GlobalSection(SolutionConfigurationPlatforms) = preSolution
		Debug|Any CPU = Debug|Any CPU
		Release|Any CPU = Release|Any CPU
	EndGlobalSection
	GlobalSection(ProjectConfigurationPlatforms) = postSolution
		{ED61E80D-376C-47E0-B7C6-FD6E61256E15}.Debug|Any CPU.ActiveCfg = Debug|Any CPU
		{ED61E80D-376C-47E0-B7C6-FD6E61256E15}.Debug|Any CPU.Build.0 = Debug|Any CPU
		{ED61E80D-376C-47E0-B7C6-FD6E61256E15}.Release|Any CPU.ActiveCfg = Release|Any CPU
		{ED61E80D-376C-47E0-B7C6-FD6E61256E15}.Release|Any CPU.Build.0 = Release|Any CPU
	EndGlobalSection
	GlobalSection(SolutionProperties) = preSolution
		HideSolutionNode = FALSE
	EndGlobalSection
	GlobalSection(ExtensibilityGlobals) = postSolution
		SolutionGuid = {B215F7D4-1B06-47E5-982D-926B1C08BC0C}
	EndGlobalSection
EndGlobal
